PODS:
  - Crashlytics (3.8.4):
    - Fabric (~> 1.6.3)
  - DKCamera (1.3.2)
  - DKImagePickerController (3.3.5):
    - DKImagePickerController/Camera (= 3.3.5)
    - DKImagePickerController/ImageManager (= 3.3.5)
  - DKImagePickerController/Camera (3.3.5)
  - DKImagePickerController/ImageManager (3.3.5)
  - Fabric (1.6.11)
  - Firebase/Auth (3.17.0):
    - Firebase/Core
    - FirebaseAuth (= 3.1.1)
  - Firebase/Core (3.17.0):
    - FirebaseAnalytics (= 3.9.0)
    - FirebaseCore (= 3.6.0)
  - Firebase/Database (3.17.0):
    - Firebase/Core
    - FirebaseDatabase (= 3.1.2)
  - Firebase/Storage (3.17.0):
    - Firebase/Core
    - FirebaseStorage (= 1.1.0)
  - FirebaseAnalytics (3.9.0):
    - FirebaseCore (~> 3.6)
    - FirebaseInstanceID (~> 1.0)
    - GoogleToolboxForMac/NSData+zlib (~> 2.1)
  - FirebaseAuth (3.1.1):
    - FirebaseAnalytics (~> 3.7)
    - GoogleToolboxForMac/NSDictionary+URLArguments (~> 2.1)
    - GTMSessionFetcher/Core (~> 1.1)
  - FirebaseCore (3.6.0):
    - GoogleToolboxForMac/NSData+zlib (~> 2.1)
  - FirebaseDatabase (3.1.2):
    - FirebaseAnalytics (~> 3.7)
  - FirebaseInstanceID (1.0.10):
    - FirebaseCore (~> 3.6)
  - FirebaseStorage (1.1.0):
    - FirebaseAnalytics (~> 3.7)
    - GTMSessionFetcher/Core (~> 1.1)
  - GoogleToolboxForMac/DebugUtils (2.1.1):
    - GoogleToolboxForMac/Defines (= 2.1.1)
  - GoogleToolboxForMac/Defines (2.1.1)
  - GoogleToolboxForMac/NSData+zlib (2.1.1):
    - GoogleToolboxForMac/Defines (= 2.1.1)
  - GoogleToolboxForMac/NSDictionary+URLArguments (2.1.1):
    - GoogleToolboxForMac/DebugUtils (= 2.1.1)
    - GoogleToolboxForMac/Defines (= 2.1.1)
    - GoogleToolboxForMac/NSString+URLArguments (= 2.1.1)
  - GoogleToolboxForMac/NSString+URLArguments (2.1.1)
  - GTMSessionFetcher/Core (1.1.9)
  - ImageFreeCut (0.0.1)

DEPENDENCIES:
  - Crashlytics
  - DKCamera
  - DKImagePickerController (~> 3.3.5)
  - Fabric
  - Firebase/Auth
  - Firebase/Database
  - Firebase/Storage
  - ImageFreeCut

SPEC CHECKSUMS:
  Crashlytics: 79e236942ca1e7fc641df1feb9a275360a78ab6a
  DKCamera: 66d105f92dee94985608a87e688b3b8300995cf2
  DKImagePickerController: 389caffedaa3ae0b058326084cbca32adf3e75a5
  Fabric: 5911403591946b8228ab1c51d98f1d7137e863c6
  Firebase: 4b66b5b59c43edac745b87f0c87e42cdd0279c13
  FirebaseAnalytics: e5fe8486efc01bec33f6bf82e2fa9fce4b124052
  FirebaseAuth: cc8a1824170adbd351edb7f994490a3fb5c18be6
  FirebaseCore: 9691ee2ade70c098d7cf92440f4303f16d83ca75
  FirebaseDatabase: 05c96d7b43a7368dc91c07791adb49683e1738d1
  FirebaseInstanceID: b9eedd6846fb5e1f0f7279e1deaa7a7e4cf8392e
  FirebaseStorage: a5c55b23741a49a72af8f30f95b3bb5ddbeda12d
  GoogleToolboxForMac: 8e329f1b599f2512c6b10676d45736bcc2cbbeb0
  GTMSessionFetcher: 5c046c76a1f859bc9c187e918f18e4fc7bb57b5e
  ImageFreeCut: 47567490965b757ff7e9e8caa2a2d34c78056640

PODFILE CHECKSUM: 3a79f9cabbbc2aa86c546de2de99d482efb74e08

COCOAPODS: 1.2.1
