<?xml version="1.0" encoding="UTF-8"?>
<!DOCTYPE plist PUBLIC "-//Apple//DTD PLIST 1.0//EN" "http://www.apple.com/DTDs/PropertyList-1.0.dtd">
<plist version="1.0">
<dict>
	<key>archiveVersion</key>
	<string>1</string>
	<key>classes</key>
	<dict/>
	<key>objectVersion</key>
	<string>46</string>
	<key>objects</key>
	<dict>
		<key>13C7415C24ABBAE39B9F7962</key>
		<dict>
			<key>includeInIndex</key>
			<string>1</string>
			<key>isa</key>
			<string>PBXFileReference</string>
			<key>lastKnownFileType</key>
			<string>text.xcconfig</string>
			<key>name</key>
			<string>Pods-MessagesExtension.release.xcconfig</string>
			<key>path</key>
			<string>Pods/Target Support Files/Pods-MessagesExtension/Pods-MessagesExtension.release.xcconfig</string>
			<key>sourceTree</key>
			<string>&lt;group&gt;</string>
		</dict>
		<key>2CF66016414CBAF327885680</key>
		<dict>
			<key>fileRef</key>
			<string>C5ACAD0BE647F705672196B8</string>
			<key>isa</key>
			<string>PBXBuildFile</string>
		</dict>
		<key>2D2DD3EC43E213137B972B83</key>
		<dict>
			<key>buildActionMask</key>
			<string>2147483647</string>
			<key>files</key>
			<array/>
			<key>inputPaths</key>
			<array/>
			<key>isa</key>
			<string>PBXShellScriptBuildPhase</string>
			<key>name</key>
			<string>[CP] Copy Pods Resources</string>
			<key>outputPaths</key>
			<array/>
			<key>runOnlyForDeploymentPostprocessing</key>
			<string>0</string>
			<key>shellPath</key>
			<string>/bin/sh</string>
			<key>shellScript</key>
			<string>"${SRCROOT}/Pods/Target Support Files/Pods-Doodlecrop/Pods-Doodlecrop-resources.sh"
</string>
			<key>showEnvVarsInLog</key>
			<string>0</string>
		</dict>
		<key>326F140E2EABA985D292CD48</key>
		<dict>
			<key>buildActionMask</key>
			<string>2147483647</string>
			<key>files</key>
			<array/>
			<key>inputPaths</key>
			<array/>
			<key>isa</key>
			<string>PBXShellScriptBuildPhase</string>
			<key>name</key>
			<string>[CP] Check Pods Manifest.lock</string>
			<key>outputPaths</key>
			<array/>
			<key>runOnlyForDeploymentPostprocessing</key>
			<string>0</string>
			<key>shellPath</key>
			<string>/bin/sh</string>
			<key>shellScript</key>
			<string>diff "${PODS_ROOT}/../Podfile.lock" "${PODS_ROOT}/Manifest.lock" &gt; /dev/null
if [[ $? != 0 ]] ; then
    cat &lt;&lt; EOM
error: The sandbox is not in sync with the Podfile.lock. Run 'pod install' or update your CocoaPods installation.
EOM
    exit 1
fi
</string>
			<key>showEnvVarsInLog</key>
			<string>0</string>
		</dict>
		<key>491A08E31B8F619700EA6F61</key>
		<dict>
			<key>includeInIndex</key>
			<string>1</string>
			<key>isa</key>
			<string>PBXFileReference</string>
			<key>lastKnownFileType</key>
			<string>text.xcconfig</string>
			<key>name</key>
			<string>Pods-Doodlecrop.release.xcconfig</string>
			<key>path</key>
			<string>Pods/Target Support Files/Pods-Doodlecrop/Pods-Doodlecrop.release.xcconfig</string>
			<key>sourceTree</key>
			<string>&lt;group&gt;</string>
		</dict>
		<key>4E5C4E1AF04E5539610DE075</key>
		<dict>
			<key>buildActionMask</key>
			<string>2147483647</string>
			<key>files</key>
			<array/>
			<key>inputPaths</key>
			<array/>
			<key>isa</key>
			<string>PBXShellScriptBuildPhase</string>
			<key>name</key>
			<string>[CP] Embed Pods Frameworks</string>
			<key>outputPaths</key>
			<array/>
			<key>runOnlyForDeploymentPostprocessing</key>
			<string>0</string>
			<key>shellPath</key>
			<string>/bin/sh</string>
			<key>shellScript</key>
			<string>"${SRCROOT}/Pods/Target Support Files/Pods-Doodlecrop/Pods-Doodlecrop-frameworks.sh"
</string>
			<key>showEnvVarsInLog</key>
			<string>0</string>
		</dict>
		<key>71E6861293BF3DADA522C354</key>
		<dict>
			<key>buildActionMask</key>
			<string>2147483647</string>
			<key>files</key>
			<array>
				<string>C6D710ADF791A5E73CFE0BCB</string>
			</array>
			<key>isa</key>
			<string>PBXFrameworksBuildPhase</string>
			<key>runOnlyForDeploymentPostprocessing</key>
			<string>0</string>
		</dict>
		<key>7714A4120892F5B6D388B49D</key>
		<dict>
			<key>buildActionMask</key>
			<string>2147483647</string>
			<key>files</key>
			<array/>
			<key>inputPaths</key>
			<array/>
			<key>isa</key>
			<string>PBXShellScriptBuildPhase</string>
			<key>name</key>
			<string>[CP] Check Pods Manifest.lock</string>
			<key>outputPaths</key>
			<array/>
			<key>runOnlyForDeploymentPostprocessing</key>
			<string>0</string>
			<key>shellPath</key>
			<string>/bin/sh</string>
			<key>shellScript</key>
			<string>diff "${PODS_ROOT}/../Podfile.lock" "${PODS_ROOT}/Manifest.lock" &gt; /dev/null
if [[ $? != 0 ]] ; then
    cat &lt;&lt; EOM
error: The sandbox is not in sync with the Podfile.lock. Run 'pod install' or update your CocoaPods installation.
EOM
    exit 1
fi
</string>
			<key>showEnvVarsInLog</key>
			<string>0</string>
		</dict>
		<key>8E01F2131DE4D46F00D67D33</key>
		<dict>
			<key>fileEncoding</key>
			<string>4</string>
			<key>isa</key>
			<string>PBXFileReference</string>
			<key>lastKnownFileType</key>
			<string>sourcecode.swift</string>
			<key>path</key>
			<string>CameraVC.swift</string>
			<key>sourceTree</key>
			<string>&lt;group&gt;</string>
		</dict>
		<key>8E01F2141DE4D46F00D67D33</key>
		<dict>
			<key>fileEncoding</key>
			<string>4</string>
			<key>isa</key>
			<string>PBXFileReference</string>
			<key>lastKnownFileType</key>
			<string>sourcecode.swift</string>
			<key>path</key>
			<string>DoodlecropViewController.swift</string>
			<key>sourceTree</key>
			<string>&lt;group&gt;</string>
		</dict>
		<key>8E01F2151DE4D46F00D67D33</key>
		<dict>
			<key>fileEncoding</key>
			<string>4</string>
			<key>isa</key>
			<string>PBXFileReference</string>
			<key>lastKnownFileType</key>
			<string>sourcecode.swift</string>
			<key>path</key>
			<string>EditImage.swift</string>
			<key>sourceTree</key>
			<string>&lt;group&gt;</string>
		</dict>
		<key>8E01F2161DE4D46F00D67D33</key>
		<dict>
			<key>fileEncoding</key>
			<string>4</string>
			<key>isa</key>
			<string>PBXFileReference</string>
			<key>lastKnownFileType</key>
			<string>sourcecode.swift</string>
			<key>path</key>
			<string>General.swift</string>
			<key>sourceTree</key>
			<string>&lt;group&gt;</string>
		</dict>
		<key>8E01F2171DE4D46F00D67D33</key>
		<dict>
			<key>fileEncoding</key>
			<string>4</string>
			<key>isa</key>
			<string>PBXFileReference</string>
			<key>lastKnownFileType</key>
			<string>sourcecode.swift</string>
			<key>path</key>
			<string>YPMagnifyingGlass.swift</string>
			<key>sourceTree</key>
			<string>&lt;group&gt;</string>
		</dict>
		<key>8E01F2181DE4D46F00D67D33</key>
		<dict>
			<key>fileEncoding</key>
			<string>4</string>
			<key>isa</key>
			<string>PBXFileReference</string>
			<key>lastKnownFileType</key>
			<string>sourcecode.swift</string>
			<key>path</key>
			<string>YPMagnifyingView.swift</string>
			<key>sourceTree</key>
			<string>&lt;group&gt;</string>
		</dict>
		<key>8E01F2191DE4D46F00D67D33</key>
		<dict>
			<key>fileRef</key>
			<string>8E01F2131DE4D46F00D67D33</string>
			<key>isa</key>
			<string>PBXBuildFile</string>
		</dict>
		<key>8E01F21A1DE4D46F00D67D33</key>
		<dict>
			<key>fileRef</key>
			<string>8E01F2141DE4D46F00D67D33</string>
			<key>isa</key>
			<string>PBXBuildFile</string>
		</dict>
		<key>8E01F21B1DE4D46F00D67D33</key>
		<dict>
			<key>fileRef</key>
			<string>8E01F2151DE4D46F00D67D33</string>
			<key>isa</key>
			<string>PBXBuildFile</string>
		</dict>
		<key>8E01F21C1DE4D46F00D67D33</key>
		<dict>
			<key>fileRef</key>
			<string>8E01F2161DE4D46F00D67D33</string>
			<key>isa</key>
			<string>PBXBuildFile</string>
		</dict>
		<key>8E01F21D1DE4D46F00D67D33</key>
		<dict>
			<key>fileRef</key>
			<string>8E01F2171DE4D46F00D67D33</string>
			<key>isa</key>
			<string>PBXBuildFile</string>
		</dict>
		<key>8E01F21E1DE4D46F00D67D33</key>
		<dict>
			<key>fileRef</key>
			<string>8E01F2181DE4D46F00D67D33</string>
			<key>isa</key>
			<string>PBXBuildFile</string>
		</dict>
		<key>8E01F21F1DE4D49F00D67D33</key>
		<dict>
			<key>fileEncoding</key>
			<string>4</string>
			<key>isa</key>
			<string>PBXFileReference</string>
			<key>lastKnownFileType</key>
			<string>sourcecode.swift</string>
			<key>path</key>
			<string>ImagePickerVC.swift</string>
			<key>sourceTree</key>
			<string>&lt;group&gt;</string>
		</dict>
		<key>8E01F2201DE4D49F00D67D33</key>
		<dict>
			<key>fileRef</key>
			<string>8E01F21F1DE4D49F00D67D33</string>
			<key>isa</key>
			<string>PBXBuildFile</string>
		</dict>
		<key>8E01F2211DE4D4C300D67D33</key>
		<dict>
			<key>fileEncoding</key>
			<string>4</string>
			<key>isa</key>
			<string>PBXFileReference</string>
			<key>lastKnownFileType</key>
			<string>sourcecode.swift</string>
			<key>path</key>
			<string>Constants.swift</string>
			<key>sourceTree</key>
			<string>&lt;group&gt;</string>
		</dict>
		<key>8E01F2221DE4D4C300D67D33</key>
		<dict>
			<key>fileRef</key>
			<string>8E01F2211DE4D4C300D67D33</string>
			<key>isa</key>
			<string>PBXBuildFile</string>
		</dict>
		<key>8E01F2231DE4D7BD00D67D33</key>
		<dict>
			<key>children</key>
			<array>
				<string>8E01F2211DE4D4C300D67D33</string>
				<string>8E01F2161DE4D46F00D67D33</string>
				<string>8E88B73A1DEF773800A7F418</string>
			</array>
			<key>isa</key>
			<string>PBXGroup</string>
			<key>name</key>
			<string>Util</string>
			<key>sourceTree</key>
			<string>&lt;group&gt;</string>
		</dict>
		<key>8E01F2241DE4D7C500D67D33</key>
		<dict>
			<key>children</key>
			<array>
				<string>8E01F2171DE4D46F00D67D33</string>
				<string>8E01F2181DE4D46F00D67D33</string>
				<string>8E01F2151DE4D46F00D67D33</string>
			</array>
			<key>isa</key>
			<string>PBXGroup</string>
			<key>name</key>
			<string>Views</string>
			<key>sourceTree</key>
			<string>&lt;group&gt;</string>
		</dict>
		<key>8E01F2261DE4D7DA00D67D33</key>
		<dict>
			<key>children</key>
			<array>
				<string>8E01F2141DE4D46F00D67D33</string>
				<string>8E01F21F1DE4D49F00D67D33</string>
				<string>8E01F2131DE4D46F00D67D33</string>
				<string>8E88B7351DEF63AB00A7F418</string>
			</array>
			<key>isa</key>
			<string>PBXGroup</string>
			<key>name</key>
			<string>Controllers</string>
			<key>sourceTree</key>
			<string>&lt;group&gt;</string>
		</dict>
		<key>8E88B7031DE39CDD00A7F418</key>
		<dict>
			<key>children</key>
			<array>
				<string>8E88B70C1DE39CDD00A7F418</string>
				<string>8E88B71B1DE39CDD00A7F418</string>
				<string>8E88B7181DE39CDD00A7F418</string>
				<string>8E88B70B1DE39CDD00A7F418</string>
				<string>A1E6B23151052A33CA561088</string>
			</array>
			<key>isa</key>
			<string>PBXGroup</string>
			<key>sourceTree</key>
			<string>&lt;group&gt;</string>
		</dict>
		<key>8E88B7041DE39CDD00A7F418</key>
		<dict>
			<key>attributes</key>
			<dict>
				<key>LastSwiftUpdateCheck</key>
				<string>0800</string>
				<key>LastUpgradeCheck</key>
				<string>0800</string>
				<key>ORGANIZATIONNAME</key>
				<string>Gordon Seto</string>
				<key>TargetAttributes</key>
				<dict>
					<key>8E88B7091DE39CDD00A7F418</key>
					<dict>
						<key>CreatedOnToolsVersion</key>
						<string>8.0</string>
						<key>DevelopmentTeam</key>
						<string>732LS35PLA</string>
						<key>ProvisioningStyle</key>
						<string>Automatic</string>
					</dict>
					<key>8E88B7131DE39CDD00A7F418</key>
					<dict>
						<key>CreatedOnToolsVersion</key>
						<string>8.0</string>
						<key>DevelopmentTeam</key>
						<string>732LS35PLA</string>
						<key>ProvisioningStyle</key>
						<string>Automatic</string>
					</dict>
				</dict>
			</dict>
			<key>buildConfigurationList</key>
			<string>8E88B7071DE39CDD00A7F418</string>
			<key>compatibilityVersion</key>
			<string>Xcode 3.2</string>
			<key>developmentRegion</key>
			<string>English</string>
			<key>hasScannedForEncodings</key>
			<string>0</string>
			<key>isa</key>
			<string>PBXProject</string>
			<key>knownRegions</key>
			<array>
				<string>en</string>
				<string>Base</string>
			</array>
			<key>mainGroup</key>
			<string>8E88B7031DE39CDD00A7F418</string>
			<key>productRefGroup</key>
			<string>8E88B70B1DE39CDD00A7F418</string>
			<key>projectDirPath</key>
			<string></string>
			<key>projectReferences</key>
			<array/>
			<key>projectRoot</key>
			<string></string>
			<key>targets</key>
			<array>
				<string>8E88B7091DE39CDD00A7F418</string>
				<string>8E88B7131DE39CDD00A7F418</string>
			</array>
		</dict>
		<key>8E88B7071DE39CDD00A7F418</key>
		<dict>
			<key>buildConfigurations</key>
			<array>
				<string>8E88B7241DE39CDE00A7F418</string>
				<string>8E88B7251DE39CDE00A7F418</string>
			</array>
			<key>defaultConfigurationIsVisible</key>
			<string>0</string>
			<key>defaultConfigurationName</key>
			<string>Release</string>
			<key>isa</key>
			<string>XCConfigurationList</string>
		</dict>
		<key>8E88B7081DE39CDD00A7F418</key>
		<dict>
			<key>buildActionMask</key>
			<string>2147483647</string>
			<key>files</key>
			<array>
				<string>8E88B70E1DE39CDD00A7F418</string>
			</array>
			<key>isa</key>
			<string>PBXResourcesBuildPhase</string>
			<key>runOnlyForDeploymentPostprocessing</key>
			<string>0</string>
		</dict>
		<key>8E88B7091DE39CDD00A7F418</key>
		<dict>
			<key>buildConfigurationList</key>
			<string>8E88B72A1DE39CDE00A7F418</string>
			<key>buildPhases</key>
			<array>
				<string>7714A4120892F5B6D388B49D</string>
				<string>8E88B7081DE39CDD00A7F418</string>
				<string>8E88B7291DE39CDE00A7F418</string>
				<string>71E6861293BF3DADA522C354</string>
				<string>4E5C4E1AF04E5539610DE075</string>
				<string>2D2DD3EC43E213137B972B83</string>
			</array>
			<key>buildRules</key>
			<array/>
			<key>dependencies</key>
			<array>
				<string>8E88B7171DE39CDD00A7F418</string>
			</array>
			<key>isa</key>
			<string>PBXNativeTarget</string>
			<key>name</key>
			<string>Doodlecrop</string>
			<key>productName</key>
			<string>Doodlecrop</string>
			<key>productReference</key>
			<string>8E88B70A1DE39CDD00A7F418</string>
			<key>productType</key>
			<string>com.apple.product-type.application.messages</string>
		</dict>
		<key>8E88B70A1DE39CDD00A7F418</key>
		<dict>
			<key>explicitFileType</key>
			<string>wrapper.application</string>
			<key>includeInIndex</key>
			<string>0</string>
			<key>isa</key>
			<string>PBXFileReference</string>
			<key>path</key>
			<string>Doodlecrop.app</string>
			<key>sourceTree</key>
			<string>BUILT_PRODUCTS_DIR</string>
		</dict>
		<key>8E88B70B1DE39CDD00A7F418</key>
		<dict>
			<key>children</key>
			<array>
				<string>8E88B70A1DE39CDD00A7F418</string>
				<string>8E88B7141DE39CDD00A7F418</string>
			</array>
			<key>isa</key>
			<string>PBXGroup</string>
			<key>name</key>
			<string>Products</string>
			<key>sourceTree</key>
			<string>&lt;group&gt;</string>
		</dict>
		<key>8E88B70C1DE39CDD00A7F418</key>
		<dict>
			<key>children</key>
			<array>
				<string>8E88B70D1DE39CDD00A7F418</string>
				<string>8E88B70F1DE39CDD00A7F418</string>
			</array>
			<key>isa</key>
			<string>PBXGroup</string>
			<key>path</key>
			<string>Doodlecrop</string>
			<key>sourceTree</key>
			<string>&lt;group&gt;</string>
		</dict>
		<key>8E88B70D1DE39CDD00A7F418</key>
		<dict>
			<key>isa</key>
			<string>PBXFileReference</string>
			<key>lastKnownFileType</key>
			<string>folder.assetcatalog</string>
			<key>path</key>
			<string>Assets.xcassets</string>
			<key>sourceTree</key>
			<string>&lt;group&gt;</string>
		</dict>
		<key>8E88B70E1DE39CDD00A7F418</key>
		<dict>
			<key>fileRef</key>
			<string>8E88B70D1DE39CDD00A7F418</string>
			<key>isa</key>
			<string>PBXBuildFile</string>
		</dict>
		<key>8E88B70F1DE39CDD00A7F418</key>
		<dict>
			<key>isa</key>
			<string>PBXFileReference</string>
			<key>lastKnownFileType</key>
			<string>text.plist.xml</string>
			<key>path</key>
			<string>Info.plist</string>
			<key>sourceTree</key>
			<string>&lt;group&gt;</string>
		</dict>
		<key>8E88B7101DE39CDD00A7F418</key>
		<dict>
			<key>buildActionMask</key>
			<string>2147483647</string>
			<key>files</key>
			<array>
				<string>8E01F2201DE4D49F00D67D33</string>
				<string>8E01F21A1DE4D46F00D67D33</string>
				<string>8E88B7341DEF61C900A7F418</string>
				<string>8E88B73B1DEF773800A7F418</string>
				<string>8E88B71D1DE39CDD00A7F418</string>
				<string>8E01F2191DE4D46F00D67D33</string>
				<string>8E88B7421DEF878F00A7F418</string>
				<string>8E01F21E1DE4D46F00D67D33</string>
				<string>8E01F21B1DE4D46F00D67D33</string>
				<string>8E88B73D1DEF85A900A7F418</string>
				<string>8E01F21D1DE4D46F00D67D33</string>
				<string>8E01F21C1DE4D46F00D67D33</string>
				<string>8E01F2221DE4D4C300D67D33</string>
			</array>
			<key>isa</key>
			<string>PBXSourcesBuildPhase</string>
			<key>runOnlyForDeploymentPostprocessing</key>
			<string>0</string>
		</dict>
		<key>8E88B7111DE39CDD00A7F418</key>
		<dict>
			<key>buildActionMask</key>
			<string>2147483647</string>
			<key>files</key>
			<array>
				<string>8E88B71A1DE39CDD00A7F418</string>
				<string>2CF66016414CBAF327885680</string>
			</array>
			<key>isa</key>
			<string>PBXFrameworksBuildPhase</string>
			<key>runOnlyForDeploymentPostprocessing</key>
			<string>0</string>
		</dict>
		<key>8E88B7121DE39CDD00A7F418</key>
		<dict>
			<key>buildActionMask</key>
			<string>2147483647</string>
			<key>files</key>
			<array>
				<string>8E88B73F1DEF85BB00A7F418</string>
				<string>8E88B7431DEF878F00A7F418</string>
				<string>8E88B7221DE39CDE00A7F418</string>
				<string>8E88B7311DEF5ACE00A7F418</string>
				<string>8E88B7201DE39CDD00A7F418</string>
			</array>
			<key>isa</key>
			<string>PBXResourcesBuildPhase</string>
			<key>runOnlyForDeploymentPostprocessing</key>
			<string>0</string>
		</dict>
		<key>8E88B7131DE39CDD00A7F418</key>
		<dict>
			<key>buildConfigurationList</key>
			<string>8E88B7261DE39CDE00A7F418</string>
			<key>buildPhases</key>
			<array>
				<string>326F140E2EABA985D292CD48</string>
				<string>8E88B7101DE39CDD00A7F418</string>
				<string>8E88B7111DE39CDD00A7F418</string>
				<string>8E88B7121DE39CDD00A7F418</string>
				<string>E6BCE1695119E8AFD4DFB71D</string>
			</array>
			<key>buildRules</key>
			<array/>
			<key>dependencies</key>
			<array/>
			<key>isa</key>
			<string>PBXNativeTarget</string>
			<key>name</key>
			<string>MessagesExtension</string>
			<key>productName</key>
			<string>MessagesExtension</string>
			<key>productReference</key>
			<string>8E88B7141DE39CDD00A7F418</string>
			<key>productType</key>
			<string>com.apple.product-type.app-extension.messages</string>
		</dict>
		<key>8E88B7141DE39CDD00A7F418</key>
		<dict>
			<key>explicitFileType</key>
			<string>wrapper.app-extension</string>
			<key>includeInIndex</key>
			<string>0</string>
			<key>isa</key>
			<string>PBXFileReference</string>
			<key>path</key>
			<string>MessagesExtension.appex</string>
			<key>sourceTree</key>
			<string>BUILT_PRODUCTS_DIR</string>
		</dict>
		<key>8E88B7151DE39CDD00A7F418</key>
		<dict>
			<key>fileRef</key>
			<string>8E88B7141DE39CDD00A7F418</string>
			<key>isa</key>
			<string>PBXBuildFile</string>
			<key>settings</key>
			<dict>
				<key>ATTRIBUTES</key>
				<array>
					<string>RemoveHeadersOnCopy</string>
				</array>
			</dict>
		</dict>
		<key>8E88B7161DE39CDD00A7F418</key>
		<dict>
			<key>containerPortal</key>
			<string>8E88B7041DE39CDD00A7F418</string>
			<key>isa</key>
			<string>PBXContainerItemProxy</string>
			<key>proxyType</key>
			<string>1</string>
			<key>remoteGlobalIDString</key>
			<string>8E88B7131DE39CDD00A7F418</string>
			<key>remoteInfo</key>
			<string>MessagesExtension</string>
		</dict>
		<key>8E88B7171DE39CDD00A7F418</key>
		<dict>
			<key>isa</key>
			<string>PBXTargetDependency</string>
			<key>target</key>
			<string>8E88B7131DE39CDD00A7F418</string>
			<key>targetProxy</key>
			<string>8E88B7161DE39CDD00A7F418</string>
		</dict>
		<key>8E88B7181DE39CDD00A7F418</key>
		<dict>
			<key>children</key>
			<array>
				<string>8E88B7191DE39CDD00A7F418</string>
				<string>90E4BE055BC9ABAEDE31731D</string>
				<string>C5ACAD0BE647F705672196B8</string>
			</array>
			<key>isa</key>
			<string>PBXGroup</string>
			<key>name</key>
			<string>Frameworks</string>
			<key>sourceTree</key>
			<string>&lt;group&gt;</string>
		</dict>
		<key>8E88B7191DE39CDD00A7F418</key>
		<dict>
			<key>isa</key>
			<string>PBXFileReference</string>
			<key>lastKnownFileType</key>
			<string>wrapper.framework</string>
			<key>name</key>
			<string>Messages.framework</string>
			<key>path</key>
			<string>System/Library/Frameworks/Messages.framework</string>
			<key>sourceTree</key>
			<string>SDKROOT</string>
		</dict>
		<key>8E88B71A1DE39CDD00A7F418</key>
		<dict>
			<key>fileRef</key>
			<string>8E88B7191DE39CDD00A7F418</string>
			<key>isa</key>
			<string>PBXBuildFile</string>
		</dict>
		<key>8E88B71B1DE39CDD00A7F418</key>
		<dict>
			<key>children</key>
			<array>
				<string>8E01F2231DE4D7BD00D67D33</string>
				<string>8E01F2241DE4D7C500D67D33</string>
				<string>8E01F2261DE4D7DA00D67D33</string>
				<string>8E88B7321DEF61A000A7F418</string>
				<string>8E88B71E1DE39CDD00A7F418</string>
				<string>8E88B7211DE39CDE00A7F418</string>
				<string>8E88B7231DE39CDE00A7F418</string>
				<string>8E88B7301DEF5ACE00A7F418</string>
			</array>
			<key>isa</key>
			<string>PBXGroup</string>
			<key>path</key>
			<string>MessagesExtension</string>
			<key>sourceTree</key>
			<string>&lt;group&gt;</string>
		</dict>
		<key>8E88B71C1DE39CDD00A7F418</key>
		<dict>
			<key>isa</key>
			<string>PBXFileReference</string>
			<key>lastKnownFileType</key>
			<string>sourcecode.swift</string>
			<key>path</key>
			<string>MessagesViewController.swift</string>
			<key>sourceTree</key>
			<string>&lt;group&gt;</string>
		</dict>
		<key>8E88B71D1DE39CDD00A7F418</key>
		<dict>
			<key>fileRef</key>
			<string>8E88B71C1DE39CDD00A7F418</string>
			<key>isa</key>
			<string>PBXBuildFile</string>
		</dict>
		<key>8E88B71E1DE39CDD00A7F418</key>
		<dict>
			<key>children</key>
			<array>
				<string>8E88B71F1DE39CDD00A7F418</string>
			</array>
			<key>isa</key>
			<string>PBXVariantGroup</string>
			<key>name</key>
			<string>MainInterface.storyboard</string>
			<key>sourceTree</key>
			<string>&lt;group&gt;</string>
		</dict>
		<key>8E88B71F1DE39CDD00A7F418</key>
		<dict>
			<key>isa</key>
			<string>PBXFileReference</string>
			<key>lastKnownFileType</key>
			<string>file.storyboard</string>
			<key>name</key>
			<string>Base</string>
			<key>path</key>
			<string>Base.lproj/MainInterface.storyboard</string>
			<key>sourceTree</key>
			<string>&lt;group&gt;</string>
		</dict>
		<key>8E88B7201DE39CDD00A7F418</key>
		<dict>
			<key>fileRef</key>
			<string>8E88B71E1DE39CDD00A7F418</string>
			<key>isa</key>
			<string>PBXBuildFile</string>
		</dict>
		<key>8E88B7211DE39CDE00A7F418</key>
		<dict>
			<key>isa</key>
			<string>PBXFileReference</string>
			<key>lastKnownFileType</key>
			<string>folder.assetcatalog</string>
			<key>path</key>
			<string>Assets.xcassets</string>
			<key>sourceTree</key>
			<string>&lt;group&gt;</string>
		</dict>
		<key>8E88B7221DE39CDE00A7F418</key>
		<dict>
			<key>fileRef</key>
			<string>8E88B7211DE39CDE00A7F418</string>
			<key>isa</key>
			<string>PBXBuildFile</string>
		</dict>
		<key>8E88B7231DE39CDE00A7F418</key>
		<dict>
			<key>isa</key>
			<string>PBXFileReference</string>
			<key>lastKnownFileType</key>
			<string>text.plist.xml</string>
			<key>path</key>
			<string>Info.plist</string>
			<key>sourceTree</key>
			<string>&lt;group&gt;</string>
		</dict>
		<key>8E88B7241DE39CDE00A7F418</key>
		<dict>
			<key>buildSettings</key>
			<dict>
				<key>ALWAYS_SEARCH_USER_PATHS</key>
				<string>NO</string>
				<key>APPLICATION_EXTENSION_API_ONLY</key>
				<string>NO</string>
				<key>CLANG_ANALYZER_NONNULL</key>
				<string>YES</string>
				<key>CLANG_CXX_LANGUAGE_STANDARD</key>
				<string>gnu++0x</string>
				<key>CLANG_CXX_LIBRARY</key>
				<string>libc++</string>
				<key>CLANG_ENABLE_MODULES</key>
				<string>YES</string>
				<key>CLANG_ENABLE_OBJC_ARC</key>
				<string>YES</string>
				<key>CLANG_WARN_BOOL_CONVERSION</key>
				<string>YES</string>
				<key>CLANG_WARN_CONSTANT_CONVERSION</key>
				<string>YES</string>
				<key>CLANG_WARN_DIRECT_OBJC_ISA_USAGE</key>
				<string>YES_ERROR</string>
				<key>CLANG_WARN_DOCUMENTATION_COMMENTS</key>
				<string>YES</string>
				<key>CLANG_WARN_EMPTY_BODY</key>
				<string>YES</string>
				<key>CLANG_WARN_ENUM_CONVERSION</key>
				<string>YES</string>
				<key>CLANG_WARN_INFINITE_RECURSION</key>
				<string>YES</string>
				<key>CLANG_WARN_INT_CONVERSION</key>
				<string>YES</string>
				<key>CLANG_WARN_OBJC_ROOT_CLASS</key>
				<string>YES_ERROR</string>
				<key>CLANG_WARN_SUSPICIOUS_MOVES</key>
				<string>YES</string>
				<key>CLANG_WARN_UNREACHABLE_CODE</key>
				<string>YES</string>
				<key>CLANG_WARN__DUPLICATE_METHOD_MATCH</key>
				<string>YES</string>
				<key>CODE_SIGN_IDENTITY[sdk=iphoneos*]</key>
				<string>iPhone Developer</string>
				<key>COPY_PHASE_STRIP</key>
				<string>NO</string>
				<key>DEBUG_INFORMATION_FORMAT</key>
				<string>dwarf</string>
				<key>ENABLE_STRICT_OBJC_MSGSEND</key>
				<string>YES</string>
				<key>ENABLE_TESTABILITY</key>
				<string>YES</string>
				<key>GCC_C_LANGUAGE_STANDARD</key>
				<string>gnu99</string>
				<key>GCC_DYNAMIC_NO_PIC</key>
				<string>NO</string>
				<key>GCC_NO_COMMON_BLOCKS</key>
				<string>YES</string>
				<key>GCC_OPTIMIZATION_LEVEL</key>
				<string>0</string>
				<key>GCC_PREPROCESSOR_DEFINITIONS</key>
				<array>
					<string>DEBUG=1</string>
					<string>$(inherited)</string>
				</array>
				<key>GCC_WARN_64_TO_32_BIT_CONVERSION</key>
				<string>YES</string>
				<key>GCC_WARN_ABOUT_RETURN_TYPE</key>
				<string>YES_ERROR</string>
				<key>GCC_WARN_UNDECLARED_SELECTOR</key>
				<string>YES</string>
				<key>GCC_WARN_UNINITIALIZED_AUTOS</key>
				<string>YES_AGGRESSIVE</string>
				<key>GCC_WARN_UNUSED_FUNCTION</key>
				<string>YES</string>
				<key>GCC_WARN_UNUSED_VARIABLE</key>
				<string>YES</string>
				<key>IPHONEOS_DEPLOYMENT_TARGET</key>
				<string>10.0</string>
				<key>MTL_ENABLE_DEBUG_INFO</key>
				<string>YES</string>
				<key>ONLY_ACTIVE_ARCH</key>
				<string>YES</string>
				<key>SDKROOT</key>
				<string>iphoneos</string>
				<key>SWIFT_ACTIVE_COMPILATION_CONDITIONS</key>
				<string>DEBUG</string>
				<key>SWIFT_OPTIMIZATION_LEVEL</key>
				<string>-Onone</string>
				<key>SWIFT_VERSION</key>
				<string>2.3</string>
			</dict>
			<key>isa</key>
			<string>XCBuildConfiguration</string>
			<key>name</key>
			<string>Debug</string>
		</dict>
		<key>8E88B7251DE39CDE00A7F418</key>
		<dict>
			<key>buildSettings</key>
			<dict>
				<key>ALWAYS_SEARCH_USER_PATHS</key>
				<string>NO</string>
				<key>APPLICATION_EXTENSION_API_ONLY</key>
				<string>NO</string>
				<key>CLANG_ANALYZER_NONNULL</key>
				<string>YES</string>
				<key>CLANG_CXX_LANGUAGE_STANDARD</key>
				<string>gnu++0x</string>
				<key>CLANG_CXX_LIBRARY</key>
				<string>libc++</string>
				<key>CLANG_ENABLE_MODULES</key>
				<string>YES</string>
				<key>CLANG_ENABLE_OBJC_ARC</key>
				<string>YES</string>
				<key>CLANG_WARN_BOOL_CONVERSION</key>
				<string>YES</string>
				<key>CLANG_WARN_CONSTANT_CONVERSION</key>
				<string>YES</string>
				<key>CLANG_WARN_DIRECT_OBJC_ISA_USAGE</key>
				<string>YES_ERROR</string>
				<key>CLANG_WARN_DOCUMENTATION_COMMENTS</key>
				<string>YES</string>
				<key>CLANG_WARN_EMPTY_BODY</key>
				<string>YES</string>
				<key>CLANG_WARN_ENUM_CONVERSION</key>
				<string>YES</string>
				<key>CLANG_WARN_INFINITE_RECURSION</key>
				<string>YES</string>
				<key>CLANG_WARN_INT_CONVERSION</key>
				<string>YES</string>
				<key>CLANG_WARN_OBJC_ROOT_CLASS</key>
				<string>YES_ERROR</string>
				<key>CLANG_WARN_SUSPICIOUS_MOVES</key>
				<string>YES</string>
				<key>CLANG_WARN_UNREACHABLE_CODE</key>
				<string>YES</string>
				<key>CLANG_WARN__DUPLICATE_METHOD_MATCH</key>
				<string>YES</string>
				<key>CODE_SIGN_IDENTITY[sdk=iphoneos*]</key>
				<string>iPhone Developer</string>
				<key>COPY_PHASE_STRIP</key>
				<string>NO</string>
				<key>DEBUG_INFORMATION_FORMAT</key>
				<string>dwarf-with-dsym</string>
				<key>ENABLE_NS_ASSERTIONS</key>
				<string>NO</string>
				<key>ENABLE_STRICT_OBJC_MSGSEND</key>
				<string>YES</string>
				<key>GCC_C_LANGUAGE_STANDARD</key>
				<string>gnu99</string>
				<key>GCC_NO_COMMON_BLOCKS</key>
				<string>YES</string>
				<key>GCC_WARN_64_TO_32_BIT_CONVERSION</key>
				<string>YES</string>
				<key>GCC_WARN_ABOUT_RETURN_TYPE</key>
				<string>YES_ERROR</string>
				<key>GCC_WARN_UNDECLARED_SELECTOR</key>
				<string>YES</string>
				<key>GCC_WARN_UNINITIALIZED_AUTOS</key>
				<string>YES_AGGRESSIVE</string>
				<key>GCC_WARN_UNUSED_FUNCTION</key>
				<string>YES</string>
				<key>GCC_WARN_UNUSED_VARIABLE</key>
				<string>YES</string>
				<key>IPHONEOS_DEPLOYMENT_TARGET</key>
				<string>10.0</string>
				<key>MTL_ENABLE_DEBUG_INFO</key>
				<string>NO</string>
				<key>SDKROOT</key>
				<string>iphoneos</string>
				<key>SWIFT_OPTIMIZATION_LEVEL</key>
				<string>-Owholemodule</string>
				<key>SWIFT_VERSION</key>
				<string>2.3</string>
				<key>VALIDATE_PRODUCT</key>
				<string>YES</string>
			</dict>
			<key>isa</key>
			<string>XCBuildConfiguration</string>
			<key>name</key>
			<string>Release</string>
		</dict>
		<key>8E88B7261DE39CDE00A7F418</key>
		<dict>
			<key>buildConfigurations</key>
			<array>
				<string>8E88B7271DE39CDE00A7F418</string>
				<string>8E88B7281DE39CDE00A7F418</string>
			</array>
			<key>defaultConfigurationIsVisible</key>
			<string>0</string>
			<key>defaultConfigurationName</key>
			<string>Release</string>
			<key>isa</key>
			<string>XCConfigurationList</string>
		</dict>
		<key>8E88B7271DE39CDE00A7F418</key>
		<dict>
			<key>baseConfigurationReference</key>
			<string>C100461C983BAD5D130B0429</string>
			<key>buildSettings</key>
			<dict>
				<key>ASSETCATALOG_COMPILER_APPICON_NAME</key>
				<string>iMessage App Icon</string>
				<key>DEVELOPMENT_TEAM</key>
				<string>732LS35PLA</string>
				<key>INFOPLIST_FILE</key>
				<string>MessagesExtension/Info.plist</string>
				<key>LD_RUNPATH_SEARCH_PATHS</key>
				<string>$(inherited) @executable_path/Frameworks @executable_path/../../Frameworks</string>
				<key>PRODUCT_BUNDLE_IDENTIFIER</key>
				<string>com.gordonseto.Doodle-Crop.Extension</string>
				<key>PRODUCT_NAME</key>
				<string>$(TARGET_NAME)</string>
				<key>SKIP_INSTALL</key>
				<string>YES</string>
				<key>SWIFT_VERSION</key>
				<string>2.3</string>
				<key>TARGETED_DEVICE_FAMILY</key>
				<string>1</string>
			</dict>
			<key>isa</key>
			<string>XCBuildConfiguration</string>
			<key>name</key>
			<string>Debug</string>
		</dict>
		<key>8E88B7281DE39CDE00A7F418</key>
		<dict>
			<key>baseConfigurationReference</key>
			<string>13C7415C24ABBAE39B9F7962</string>
			<key>buildSettings</key>
			<dict>
				<key>ASSETCATALOG_COMPILER_APPICON_NAME</key>
				<string>iMessage App Icon</string>
				<key>DEVELOPMENT_TEAM</key>
				<string>732LS35PLA</string>
				<key>INFOPLIST_FILE</key>
				<string>MessagesExtension/Info.plist</string>
				<key>LD_RUNPATH_SEARCH_PATHS</key>
				<string>$(inherited) @executable_path/Frameworks @executable_path/../../Frameworks</string>
				<key>PRODUCT_BUNDLE_IDENTIFIER</key>
				<string>com.gordonseto.Doodle-Crop.Extension</string>
				<key>PRODUCT_NAME</key>
				<string>$(TARGET_NAME)</string>
				<key>SKIP_INSTALL</key>
				<string>YES</string>
				<key>SWIFT_VERSION</key>
				<string>2.3</string>
				<key>TARGETED_DEVICE_FAMILY</key>
				<string>1</string>
			</dict>
			<key>isa</key>
			<string>XCBuildConfiguration</string>
			<key>name</key>
			<string>Release</string>
		</dict>
		<key>8E88B7291DE39CDE00A7F418</key>
		<dict>
			<key>buildActionMask</key>
			<string>2147483647</string>
			<key>dstPath</key>
			<string></string>
			<key>dstSubfolderSpec</key>
			<string>13</string>
			<key>files</key>
			<array>
				<string>8E88B7151DE39CDD00A7F418</string>
			</array>
			<key>isa</key>
			<string>PBXCopyFilesBuildPhase</string>
			<key>name</key>
			<string>Embed App Extensions</string>
			<key>runOnlyForDeploymentPostprocessing</key>
			<string>0</string>
		</dict>
		<key>8E88B72A1DE39CDE00A7F418</key>
		<dict>
			<key>buildConfigurations</key>
			<array>
				<string>8E88B72B1DE39CDE00A7F418</string>
				<string>8E88B72C1DE39CDE00A7F418</string>
			</array>
			<key>defaultConfigurationIsVisible</key>
			<string>0</string>
			<key>defaultConfigurationName</key>
			<string>Release</string>
			<key>isa</key>
			<string>XCConfigurationList</string>
		</dict>
		<key>8E88B72B1DE39CDE00A7F418</key>
		<dict>
			<key>baseConfigurationReference</key>
			<string>C138D4AA89E04EC515B01091</string>
			<key>buildSettings</key>
			<dict>
				<key>ALWAYS_EMBED_SWIFT_STANDARD_LIBRARIES</key>
				<string>YES</string>
				<key>APPLICATION_EXTENSION_API_ONLY</key>
				<string>NO</string>
				<key>ASSETCATALOG_COMPILER_APPICON_NAME</key>
				<string>AppIcon</string>
				<key>DEVELOPMENT_TEAM</key>
				<string>732LS35PLA</string>
				<key>INFOPLIST_FILE</key>
				<string>Doodlecrop/Info.plist</string>
				<key>PRODUCT_BUNDLE_IDENTIFIER</key>
				<string>com.gordonseto.Doodle-Crop</string>
				<key>PRODUCT_NAME</key>
				<string>$(TARGET_NAME)</string>
				<key>SWIFT_VERSION</key>
				<string>2.3</string>
				<key>TARGETED_DEVICE_FAMILY</key>
				<string>1,2</string>
			</dict>
			<key>isa</key>
			<string>XCBuildConfiguration</string>
			<key>name</key>
			<string>Debug</string>
		</dict>
		<key>8E88B72C1DE39CDE00A7F418</key>
		<dict>
			<key>baseConfigurationReference</key>
			<string>491A08E31B8F619700EA6F61</string>
			<key>buildSettings</key>
			<dict>
				<key>ALWAYS_EMBED_SWIFT_STANDARD_LIBRARIES</key>
				<string>YES</string>
				<key>APPLICATION_EXTENSION_API_ONLY</key>
				<string>NO</string>
				<key>ASSETCATALOG_COMPILER_APPICON_NAME</key>
				<string>AppIcon</string>
				<key>DEVELOPMENT_TEAM</key>
				<string>732LS35PLA</string>
				<key>INFOPLIST_FILE</key>
				<string>Doodlecrop/Info.plist</string>
				<key>PRODUCT_BUNDLE_IDENTIFIER</key>
				<string>com.gordonseto.Doodle-Crop</string>
				<key>PRODUCT_NAME</key>
				<string>$(TARGET_NAME)</string>
				<key>SWIFT_VERSION</key>
				<string>2.3</string>
				<key>TARGETED_DEVICE_FAMILY</key>
				<string>1,2</string>
			</dict>
			<key>isa</key>
			<string>XCBuildConfiguration</string>
			<key>name</key>
			<string>Release</string>
		</dict>
		<key>8E88B7301DEF5ACE00A7F418</key>
		<dict>
			<key>fileEncoding</key>
			<string>4</string>
			<key>isa</key>
			<string>PBXFileReference</string>
			<key>lastKnownFileType</key>
			<string>text.plist.xml</string>
			<key>path</key>
			<string>GoogleService-Info.plist</string>
			<key>sourceTree</key>
			<string>&lt;group&gt;</string>
		</dict>
		<key>8E88B7311DEF5ACE00A7F418</key>
		<dict>
			<key>fileRef</key>
			<string>8E88B7301DEF5ACE00A7F418</string>
			<key>isa</key>
			<string>PBXBuildFile</string>
		</dict>
		<key>8E88B7321DEF61A000A7F418</key>
		<dict>
			<key>children</key>
			<array>
				<string>8E88B71C1DE39CDD00A7F418</string>
			</array>
			<key>isa</key>
			<string>PBXGroup</string>
			<key>name</key>
			<string>MessagesControllers</string>
			<key>sourceTree</key>
			<string>&lt;group&gt;</string>
		</dict>
		<key>8E88B7331DEF61C900A7F418</key>
		<dict>
			<key>fileEncoding</key>
			<string>4</string>
			<key>isa</key>
			<string>PBXFileReference</string>
			<key>lastKnownFileType</key>
			<string>sourcecode.swift</string>
			<key>path</key>
			<string>MyStickersVC.swift</string>
			<key>sourceTree</key>
			<string>&lt;group&gt;</string>
		</dict>
		<key>8E88B7341DEF61C900A7F418</key>
		<dict>
			<key>fileRef</key>
			<string>8E88B7331DEF61C900A7F418</string>
			<key>isa</key>
			<string>PBXBuildFile</string>
		</dict>
		<key>8E88B7351DEF63AB00A7F418</key>
		<dict>
			<key>children</key>
			<array>
				<string>8E88B7331DEF61C900A7F418</string>
				<string>8E88B73C1DEF85A900A7F418</string>
				<string>8E88B73E1DEF85BB00A7F418</string>
				<string>8E88B7401DEF878F00A7F418</string>
				<string>8E88B7411DEF878F00A7F418</string>
			</array>
			<key>isa</key>
			<string>PBXGroup</string>
			<key>name</key>
			<string>MyStickersVC</string>
			<key>sourceTree</key>
			<string>&lt;group&gt;</string>
		</dict>
		<key>8E88B73A1DEF773800A7F418</key>
		<dict>
			<key>fileEncoding</key>
			<string>4</string>
			<key>isa</key>
			<string>PBXFileReference</string>
			<key>lastKnownFileType</key>
			<string>sourcecode.swift</string>
			<key>path</key>
			<string>StickerManager.swift</string>
			<key>sourceTree</key>
			<string>&lt;group&gt;</string>
		</dict>
		<key>8E88B73B1DEF773800A7F418</key>
		<dict>
			<key>fileRef</key>
			<string>8E88B73A1DEF773800A7F418</string>
			<key>isa</key>
			<string>PBXBuildFile</string>
		</dict>
		<key>8E88B73C1DEF85A900A7F418</key>
		<dict>
			<key>fileEncoding</key>
			<string>4</string>
			<key>isa</key>
			<string>PBXFileReference</string>
			<key>lastKnownFileType</key>
			<string>sourcecode.swift</string>
			<key>path</key>
			<string>MyStickersView.swift</string>
			<key>sourceTree</key>
			<string>&lt;group&gt;</string>
		</dict>
		<key>8E88B73D1DEF85A900A7F418</key>
		<dict>
			<key>fileRef</key>
			<string>8E88B73C1DEF85A900A7F418</string>
			<key>isa</key>
			<string>PBXBuildFile</string>
		</dict>
		<key>8E88B73E1DEF85BB00A7F418</key>
		<dict>
			<key>fileEncoding</key>
			<string>4</string>
			<key>isa</key>
			<string>PBXFileReference</string>
			<key>lastKnownFileType</key>
			<string>file.xib</string>
			<key>path</key>
			<string>MyStickersView.xib</string>
			<key>sourceTree</key>
			<string>&lt;group&gt;</string>
		</dict>
		<key>8E88B73F1DEF85BB00A7F418</key>
		<dict>
			<key>fileRef</key>
			<string>8E88B73E1DEF85BB00A7F418</string>
			<key>isa</key>
			<string>PBXBuildFile</string>
		</dict>
		<key>8E88B7401DEF878F00A7F418</key>
		<dict>
			<key>fileEncoding</key>
			<string>4</string>
			<key>isa</key>
			<string>PBXFileReference</string>
			<key>lastKnownFileType</key>
			<string>sourcecode.swift</string>
			<key>path</key>
			<string>StickerCell.swift</string>
			<key>sourceTree</key>
			<string>&lt;group&gt;</string>
		</dict>
		<key>8E88B7411DEF878F00A7F418</key>
		<dict>
			<key>fileEncoding</key>
			<string>4</string>
			<key>isa</key>
			<string>PBXFileReference</string>
			<key>lastKnownFileType</key>
			<string>file.xib</string>
			<key>path</key>
			<string>StickerCell.xib</string>
			<key>sourceTree</key>
			<string>&lt;group&gt;</string>
		</dict>
		<key>8E88B7421DEF878F00A7F418</key>
		<dict>
			<key>fileRef</key>
			<string>8E88B7401DEF878F00A7F418</string>
			<key>isa</key>
			<string>PBXBuildFile</string>
		</dict>
		<key>8E88B7431DEF878F00A7F418</key>
		<dict>
			<key>fileRef</key>
			<string>8E88B7411DEF878F00A7F418</string>
			<key>isa</key>
			<string>PBXBuildFile</string>
		</dict>
		<key>90E4BE055BC9ABAEDE31731D</key>
		<dict>
			<key>explicitFileType</key>
			<string>wrapper.framework</string>
			<key>includeInIndex</key>
			<string>0</string>
			<key>isa</key>
			<string>PBXFileReference</string>
			<key>path</key>
			<string>Pods_Doodlecrop.framework</string>
			<key>sourceTree</key>
			<string>BUILT_PRODUCTS_DIR</string>
		</dict>
		<key>A1E6B23151052A33CA561088</key>
		<dict>
			<key>children</key>
			<array>
				<string>C138D4AA89E04EC515B01091</string>
				<string>491A08E31B8F619700EA6F61</string>
				<string>C100461C983BAD5D130B0429</string>
				<string>13C7415C24ABBAE39B9F7962</string>
			</array>
			<key>isa</key>
			<string>PBXGroup</string>
			<key>name</key>
			<string>Pods</string>
			<key>sourceTree</key>
			<string>&lt;group&gt;</string>
		</dict>
		<key>C100461C983BAD5D130B0429</key>
		<dict>
			<key>includeInIndex</key>
			<string>1</string>
			<key>isa</key>
			<string>PBXFileReference</string>
			<key>lastKnownFileType</key>
			<string>text.xcconfig</string>
			<key>name</key>
			<string>Pods-MessagesExtension.debug.xcconfig</string>
			<key>path</key>
			<string>Pods/Target Support Files/Pods-MessagesExtension/Pods-MessagesExtension.debug.xcconfig</string>
			<key>sourceTree</key>
			<string>&lt;group&gt;</string>
		</dict>
		<key>C138D4AA89E04EC515B01091</key>
		<dict>
			<key>includeInIndex</key>
			<string>1</string>
			<key>isa</key>
			<string>PBXFileReference</string>
			<key>lastKnownFileType</key>
			<string>text.xcconfig</string>
			<key>name</key>
			<string>Pods-Doodlecrop.debug.xcconfig</string>
			<key>path</key>
			<string>Pods/Target Support Files/Pods-Doodlecrop/Pods-Doodlecrop.debug.xcconfig</string>
			<key>sourceTree</key>
			<string>&lt;group&gt;</string>
		</dict>
		<key>C5ACAD0BE647F705672196B8</key>
		<dict>
			<key>explicitFileType</key>
			<string>wrapper.framework</string>
			<key>includeInIndex</key>
			<string>0</string>
			<key>isa</key>
			<string>PBXFileReference</string>
			<key>path</key>
			<string>Pods_MessagesExtension.framework</string>
			<key>sourceTree</key>
			<string>BUILT_PRODUCTS_DIR</string>
		</dict>
		<key>C6D710ADF791A5E73CFE0BCB</key>
		<dict>
			<key>fileRef</key>
			<string>90E4BE055BC9ABAEDE31731D</string>
			<key>isa</key>
			<string>PBXBuildFile</string>
		</dict>
		<key>E6BCE1695119E8AFD4DFB71D</key>
		<dict>
			<key>buildActionMask</key>
			<string>2147483647</string>
			<key>files</key>
			<array/>
			<key>inputPaths</key>
			<array/>
			<key>isa</key>
			<string>PBXShellScriptBuildPhase</string>
			<key>name</key>
			<string>[CP] Copy Pods Resources</string>
			<key>outputPaths</key>
			<array/>
			<key>runOnlyForDeploymentPostprocessing</key>
			<string>0</string>
			<key>shellPath</key>
			<string>/bin/sh</string>
			<key>shellScript</key>
			<string>"${SRCROOT}/Pods/Target Support Files/Pods-MessagesExtension/Pods-MessagesExtension-resources.sh"
</string>
			<key>showEnvVarsInLog</key>
			<string>0</string>
		</dict>
	</dict>
	<key>rootObject</key>
	<string>8E88B7041DE39CDD00A7F418</string>
</dict>
</plist>
